
Microsoft Visual Studio Solution File, Format Version 12.00
# Visual Studio 15
Project("{FAE04EC0-301F-11D3-BF4B-00C04F79EFBC}") = "Assembly-CSharp", "Assembly-CSharp.csproj", "{B3676D94-DADF-5FBF-C418-B0B1DB31F7BE}"
EndProject
Project("{FAE04EC0-301F-11D3-BF4B-00C04F79EFBC}") = "PathCreator", "PathCreator.csproj", "{47B5477B-3404-81B7-EEF3-C8E4817D3F9F}"
EndProject
Project("{FAE04EC0-301F-11D3-BF4B-00C04F79EFBC}") = "PathCreatorEditor", "PathCreatorEditor.csproj", "{45F436CB-0C84-C081-D63A-AD432E4E9A2C}"
EndProject
Project("{FAE04EC0-301F-11D3-BF4B-00C04F79EFBC}") = "Assembly-CSharp-Editor", "Assembly-CSharp-Editor.csproj", "{DD312583-9D33-D522-58E6-92BCEA194255}"
EndProject
Global
	GlobalSection(SolutionConfigurationPlatforms) = preSolution
		Debug|Any CPU = Debug|Any CPU
		Release|Any CPU = Release|Any CPU
	EndGlobalSection
	GlobalSection(ProjectConfigurationPlatforms) = postSolution
		{B3676D94-DADF-5FBF-C418-B0B1DB31F7BE}.Debug|Any CPU.ActiveCfg = Debug|Any CPU
		{B3676D94-DADF-5FBF-C418-B0B1DB31F7BE}.Debug|Any CPU.Build.0 = Debug|Any CPU
		{B3676D94-DADF-5FBF-C418-B0B1DB31F7BE}.Release|Any CPU.ActiveCfg = Release|Any CPU
		{B3676D94-DADF-5FBF-C418-B0B1DB31F7BE}.Release|Any CPU.Build.0 = Release|Any CPU
		{47B5477B-3404-81B7-EEF3-C8E4817D3F9F}.Debug|Any CPU.ActiveCfg = Debug|Any CPU
		{47B5477B-3404-81B7-EEF3-C8E4817D3F9F}.Debug|Any CPU.Build.0 = Debug|Any CPU
		{47B5477B-3404-81B7-EEF3-C8E4817D3F9F}.Release|Any CPU.ActiveCfg = Release|Any CPU
		{47B5477B-3404-81B7-EEF3-C8E4817D3F9F}.Release|Any CPU.Build.0 = Release|Any CPU
		{45F436CB-0C84-C081-D63A-AD432E4E9A2C}.Debug|Any CPU.ActiveCfg = Debug|Any CPU
		{45F436CB-0C84-C081-D63A-AD432E4E9A2C}.Debug|Any CPU.Build.0 = Debug|Any CPU
		{45F436CB-0C84-C081-D63A-AD432E4E9A2C}.Release|Any CPU.ActiveCfg = Release|Any CPU
		{45F436CB-0C84-C081-D63A-AD432E4E9A2C}.Release|Any CPU.Build.0 = Release|Any CPU
		{DD312583-9D33-D522-58E6-92BCEA194255}.Debug|Any CPU.ActiveCfg = Debug|Any CPU
		{DD312583-9D33-D522-58E6-92BCEA194255}.Debug|Any CPU.Build.0 = Debug|Any CPU
		{DD312583-9D33-D522-58E6-92BCEA194255}.Release|Any CPU.ActiveCfg = Release|Any CPU
		{DD312583-9D33-D522-58E6-92BCEA194255}.Release|Any CPU.Build.0 = Release|Any CPU
	EndGlobalSection
	GlobalSection(SolutionProperties) = preSolution
		HideSolutionNode = FALSE
	EndGlobalSection
EndGlobal
